{
 "name": "deep-proxy",
 "version": "1.0.0",
 "lockfileVersion": 1,
 "requires": true,
 "dependencies": {
  "deep-ipv4": {
   "version": "1.0.0",
   "resolved": "https://registry.npmjs.org/deep-ipv4/-/deep-ipv4-1.0.0.tgz",
   "integrity": "sha512-DUXNvf7RP+qer17ct3g+2Scs68MDIg2m65cdo6TZ12TTTlrjyl5ucgYpjOd0nYW5AHfuXoglNgIME1ftaGClmQ=="
  },
  "deep-passcode": {
   "version": "1.0.0",
   "resolved": "https://registry.npmjs.org/deep-passcode/-/deep-passcode-1.0.0.tgz",
   "integrity": "sha512-jd9rj7NoTEvsHk2DcRD5JADoq8BP1P0WCK9+DGhfSt1GM7d1DOVcmhkNFMYXZnvAw3qESfgwCMdnO+1CM1HGww==",
   "requires": {
    "deep-ipv4": "1.0.0"
   }
  }
 }
}
